
Microsoft Visual Studio Solution File, Format Version 12.00
# Visual Studio Version 16
VisualStudioVersion = 16.0.30503.244
MinimumVisualStudioVersion = 10.0.40219.1
Project("{FAE04EC0-301F-11D3-BF4B-00C04F79EFBC}") = "chuyendoinhietdo", "chuyendoinhietdo.csproj", "{2C30B556-F040-4097-A5E0-944D36059379}"
EndProject
Global
	GlobalSection(SolutionConfigurationPlatforms) = preSolution
		Debug|Any CPU = Debug|Any CPU
		Release|Any CPU = Release|Any CPU
	EndGlobalSection
	GlobalSection(ProjectConfigurationPlatforms) = postSolution
		{2C30B556-F040-4097-A5E0-944D36059379}.Debug|Any CPU.ActiveCfg = Debug|Any CPU
		{2C30B556-F040-4097-A5E0-944D36059379}.Debug|Any CPU.Build.0 = Debug|Any CPU
		{2C30B556-F040-4097-A5E0-944D36059379}.Release|Any CPU.ActiveCfg = Release|Any CPU
		{2C30B556-F040-4097-A5E0-944D36059379}.Release|Any CPU.Build.0 = Release|Any CPU
	EndGlobalSection
	GlobalSection(SolutionProperties) = preSolution
		HideSolutionNode = FALSE
	EndGlobalSection
	GlobalSection(ExtensibilityGlobals) = postSolution
		SolutionGuid = {CCE05DD9-40C2-4700-AB76-9043E8D0D5FD}
	EndGlobalSection
EndGlobal
